// !$*UTF8*$!
{
	archiveVersion = 1;
	classes = {
	};
	objectVersion = 50;
	objects = {

/* Begin PBXBuildFile section */
		1BAA5CBA2150163500EB1348 /* AppDelegate.swift in Sources */ = {isa = PBXBuildFile; fileRef = 1BAA5CB92150163500EB1348 /* AppDelegate.swift */; };
		1BAA5CBC2150163500EB1348 /* CompaniesController.swift in Sources */ = {isa = PBXBuildFile; fileRef = 1BAA5CBB2150163500EB1348 /* CompaniesController.swift */; };
		1BAA5CBF2150163500EB1348 /* Main.storyboard in Resources */ = {isa = PBXBuildFile; fileRef = 1BAA5CBD2150163500EB1348 /* Main.storyboard */; };
		1BAA5CC12150163A00EB1348 /* Assets.xcassets in Resources */ = {isa = PBXBuildFile; fileRef = 1BAA5CC02150163A00EB1348 /* Assets.xcassets */; };
		1BAA5CC42150163A00EB1348 /* LaunchScreen.storyboard in Resources */ = {isa = PBXBuildFile; fileRef = 1BAA5CC22150163A00EB1348 /* LaunchScreen.storyboard */; };
		1BAA5D2621517D1000EB1348 /* UIColor+theme.swift in Sources */ = {isa = PBXBuildFile; fileRef = 1BAA5D2521517D1000EB1348 /* UIColor+theme.swift */; };
		1BF0FA0321540FDF00A0E4EF /* TestCompanies.swift in Sources */ = {isa = PBXBuildFile; fileRef = 1BF0FA0221540FDF00A0E4EF /* TestCompanies.swift */; };
		1BF0FA05215412CC00A0E4EF /* CreateCompanyController.swift in Sources */ = {isa = PBXBuildFile; fileRef = 1BF0FA04215412CC00A0E4EF /* CreateCompanyController.swift */; };
/* End PBXBuildFile section */

/* Begin PBXFileReference section */
		1BAA5CB62150163500EB1348 /* MyCompanies.app */ = {isa = PBXFileReference; explicitFileType = wrapper.application; includeInIndex = 0; path = MyCompanies.app; sourceTree = BUILT_PRODUCTS_DIR; };
		1BAA5CB92150163500EB1348 /* AppDelegate.swift */ = {isa = PBXFileReference; lastKnownFileType = sourcecode.swift; path = AppDelegate.swift; sourceTree = "<group>"; };
		1BAA5CBB2150163500EB1348 /* CompaniesController.swift */ = {isa = PBXFileReference; lastKnownFileType = sourcecode.swift; path = CompaniesController.swift; sourceTree = "<group>"; };
		1BAA5CBE2150163500EB1348 /* Base */ = {isa = PBXFileReference; lastKnownFileType = file.storyboard; name = Base; path = Base.lproj/Main.storyboard; sourceTree = "<group>"; };
		1BAA5CC02150163A00EB1348 /* Assets.xcassets */ = {isa = PBXFileReference; lastKnownFileType = folder.assetcatalog; path = Assets.xcassets; sourceTree = "<group>"; };
		1BAA5CC32150163A00EB1348 /* Base */ = {isa = PBXFileReference; lastKnownFileType = file.storyboard; name = Base; path = Base.lproj/LaunchScreen.storyboard; sourceTree = "<group>"; };
		1BAA5CC52150163A00EB1348 /* Info.plist */ = {isa = PBXFileReference; lastKnownFileType = text.plist.xml; path = Info.plist; sourceTree = "<group>"; };
		1BAA5D2521517D1000EB1348 /* UIColor+theme.swift */ = {isa = PBXFileReference; lastKnownFileType = sourcecode.swift; path = "UIColor+theme.swift"; sourceTree = "<group>"; };
		1BF0FA0221540FDF00A0E4EF /* TestCompanies.swift */ = {isa = PBXFileReference; lastKnownFileType = sourcecode.swift; path = TestCompanies.swift; sourceTree = "<group>"; };
		1BF0FA04215412CC00A0E4EF /* CreateCompanyController.swift */ = {isa = PBXFileReference; lastKnownFileType = sourcecode.swift; path = CreateCompanyController.swift; sourceTree = "<group>"; };
/* End PBXFileReference section */

/* Begin PBXFrameworksBuildPhase section */
		1BAA5CB32150163500EB1348 /* Frameworks */ = {
			isa = PBXFrameworksBuildPhase;
			buildActionMask = 2147483647;
			files = (
			);
			runOnlyForDeploymentPostprocessing = 0;
		};
/* End PBXFrameworksBuildPhase section */

/* Begin PBXGroup section */
		1BAA5CAD2150163500EB1348 = {
			isa = PBXGroup;
			children = (
				1BAA5CB82150163500EB1348 /* MyCompanies */,
				1BAA5CB72150163500EB1348 /* Products */,
			);
			sourceTree = "<group>";
		};
		1BAA5CB72150163500EB1348 /* Products */ = {
			isa = PBXGroup;
			children = (
				1BAA5CB62150163500EB1348 /* MyCompanies.app */,
			);
			name = Products;
			sourceTree = "<group>";
		};
		1BAA5CB82150163500EB1348 /* MyCompanies */ = {
			isa = PBXGroup;
			children = (
				1BAA5CB92150163500EB1348 /* AppDelegate.swift */,
				1BAA5CBB2150163500EB1348 /* CompaniesController.swift */,
				1BAA5CBD2150163500EB1348 /* Main.storyboard */,
				1BAA5CC02150163A00EB1348 /* Assets.xcassets */,
				1BAA5CC22150163A00EB1348 /* LaunchScreen.storyboard */,
				1BAA5CC52150163A00EB1348 /* Info.plist */,
				1BAA5D2521517D1000EB1348 /* UIColor+theme.swift */,
				1BF0FA0221540FDF00A0E4EF /* TestCompanies.swift */,
				1BF0FA04215412CC00A0E4EF /* CreateCompanyController.swift */,
			);
			path = MyCompanies;
			sourceTree = "<group>";
		};
/* End PBXGroup section */

/* Begin PBXNativeTarget section */
		1BAA5CB52150163500EB1348 /* MyCompanies */ = {
			isa = PBXNativeTarget;
			buildConfigurationList = 1BAA5CC82150163A00EB1348 /* Build configuration list for PBXNativeTarget "MyCompanies" */;
			buildPhases = (
				1BAA5CB22150163500EB1348 /* Sources */,
				1BAA5CB32150163500EB1348 /* Frameworks */,
				1BAA5CB42150163500EB1348 /* Resources */,
			);
			buildRules = (
			);
			dependencies = (
			);
			name = MyCompanies;
			productName = MyCompanies;
			productReference = 1BAA5CB62150163500EB1348 /* MyCompanies.app */;
			productType = "com.apple.product-type.application";
		};
/* End PBXNativeTarget section */

/* Begin PBXProject section */
		1BAA5CAE2150163500EB1348 /* Project object */ = {
			isa = PBXProject;
			attributes = {
				LastSwiftUpdateCheck = 0940;
				LastUpgradeCheck = 0940;
				ORGANIZATIONNAME = "twisted echo";
				TargetAttributes = {
					1BAA5CB52150163500EB1348 = {
						CreatedOnToolsVersion = 9.4.1;
						LastSwiftMigration = 1000;
					};
				};
			};
			buildConfigurationList = 1BAA5CB12150163500EB1348 /* Build configuration list for PBXProject "MyCompanies" */;
			compatibilityVersion = "Xcode 9.3";
			developmentRegion = en;
			hasScannedForEncodings = 0;
			knownRegions = (
				en,
				Base,
			);
			mainGroup = 1BAA5CAD2150163500EB1348;
			productRefGroup = 1BAA5CB72150163500EB1348 /* Products */;
			projectDirPath = "";
			projectRoot = "";
			targets = (
				1BAA5CB52150163500EB1348 /* MyCompanies */,
			);
		};
/* End PBXProject section */

/* Begin PBXResourcesBuildPhase section */
		1BAA5CB42150163500EB1348 /* Resources */ = {
			isa = PBXResourcesBuildPhase;
			buildActionMask = 2147483647;
			files = (
				1BAA5CC42150163A00EB1348 /* LaunchScreen.storyboard in Resources */,
				1BAA5CC12150163A00EB1348 /* Assets.xcassets in Resources */,
				1BAA5CBF2150163500EB1348 /* Main.storyboard in Resources */,
			);
			runOnlyForDeploymentPostprocessing = 0;
		};
/* End PBXResourcesBuildPhase section */

/* Begin PBXSourcesBuildPhase section */
		1BAA5CB22150163500EB1348 /* Sources */ = {
			isa = PBXSourcesBuildPhase;
			buildActionMask = 2147483647;
			files = (
				1BAA5D2621517D1000EB1348 /* UIColor+theme.swift in Sources */,
				1BF0FA0321540FDF00A0E4EF /* TestCompanies.swift in Sources */,
				1BF0FA05215412CC00A0E4EF /* CreateCompanyController.swift in Sources */,
				1BAA5CBC2150163500EB1348 /* CompaniesController.swift in Sources */,
				1BAA5CBA2150163500EB1348 /* AppDelegate.swift in Sources */,
			);
			runOnlyForDeploymentPostprocessing = 0;
		};
/* End PBXSourcesBuildPhase section */

/* Begin PBXVariantGroup section */
		1BAA5CBD2150163500EB1348 /* Main.storyboard */ = {
			isa = PBXVariantGroup;
			children = (
				1BAA5CBE2150163500EB1348 /* Base */,
			);
			name = Main.storyboard;
			sourceTree = "<group>";
		};
		1BAA5CC22150163A00EB1348 /* LaunchScreen.storyboard */ = {
			isa = PBXVariantGroup;
			children = (
				1BAA5CC32150163A00EB1348 /* Base */,
			);
			name = LaunchScreen.storyboard;
			sourceTree = "<group>";
		};
/* End PBXVariantGroup section */

/* Begin XCBuildConfiguration section */
		1BAA5CC62150163A00EB1348 /* Debug */ = {
			isa = XCBuildConfiguration;
			buildSettings = {
				ALWAYS_SEARCH_USER_PATHS = NO;
				CLANG_ANALYZER_NONNULL = YES;
				CLANG_ANALYZER_NUMBER_OBJECT_CONVERSION = YES_AGGRESSIVE;
				CLANG_CXX_LANGUAGE_STANDARD = "gnu++14";
				CLANG_CXX_LIBRARY = "libc++";
				CLANG_ENABLE_MODULES = YES;
				CLANG_ENABLE_OBJC_ARC = YES;
				CLANG_ENABLE_OBJC_WEAK = YES;
				CLANG_WARN_BLOCK_CAPTURE_AUTORELEASING = YES;
				CLANG_WARN_BOOL_CONVERSION = YES;
				CLANG_WARN_COMMA = YES;
				CLANG_WARN_CONSTANT_CONVERSION = YES;
				CLANG_WARN_DEPRECATED_OBJC_IMPLEMENTATIONS = YES;
				CLANG_WARN_DIRECT_OBJC_ISA_USAGE = YES_ERROR;
				CLANG_WARN_DOCUMENTATION_COMMENTS = YES;
				CLANG_WARN_EMPTY_BODY = YES;
				CLANG_WARN_ENUM_CONVERSION = YES;
				CLANG_WARN_INFINITE_RECURSION = YES;
				CLANG_WARN_INT_CONVERSION = YES;
				CLANG_WARN_NON_LITERAL_NULL_CONVERSION = YES;
				CLANG_WARN_OBJC_IMPLICIT_RETAIN_SELF = YES;
				CLANG_WARN_OBJC_LITERAL_CONVERSION = YES;
				CLANG_WARN_OBJC_ROOT_CLASS = YES_ERROR;
				CLANG_WARN_RANGE_LOOP_ANALYSIS = YES;
				CLANG_WARN_STRICT_PROTOTYPES = YES;
				CLANG_WARN_SUSPICIOUS_MOVE = YES;
				CLANG_WARN_UNGUARDED_AVAILABILITY = YES_AGGRESSIVE;
				CLANG_WARN_UNREACHABLE_CODE = YES;
				CLANG_WARN__DUPLICATE_METHOD_MATCH = YES;
				CODE_SIGN_IDENTITY = "iPhone Developer";
				COPY_PHASE_STRIP = NO;
				DEBUG_INFORMATION_FORMAT = dwarf;
				ENABLE_STRICT_OBJC_MSGSEND = YES;
				ENABLE_TESTABILITY = YES;
				GCC_C_LANGUAGE_STANDARD = gnu11;
				GCC_DYNAMIC_NO_PIC = NO;
				GCC_NO_COMMON_BLOCKS = YES;
				GCC_OPTIMIZATION_LEVEL = 0;
				GCC_PREPROCESSOR_DEFINITIONS = (
					"DEBUG=1",
					"$(inherited)",
				);
				GCC_WARN_64_TO_32_BIT_CONVERSION = YES;
				GCC_WARN_ABOUT_RETURN_TYPE = YES_ERROR;
				GCC_WARN_UNDECLARED_SELECTOR = YES;
				GCC_WARN_UNINITIALIZED_AUTOS = YES_AGGRESSIVE;
				GCC_WARN_UNUSED_FUNCTION = YES;
				GCC_WARN_UNUSED_VARIABLE = YES;
				IPHONEOS_DEPLOYMENT_TARGET = 11.4;
				MTL_ENABLE_DEBUG_INFO = YES;
				ONLY_ACTIVE_ARCH = YES;
				SDKROOT = iphoneos;
				SWIFT_ACTIVE_COMPILATION_CONDITIONS = DEBUG;
				SWIFT_OPTIMIZATION_LEVEL = "-Onone";
			};
			name = Debug;
		};
		1BAA5CC72150163A00EB1348 /* Release */ = {
			isa = XCBuildConfiguration;
			buildSettings = {
				ALWAYS_SEARCH_USER_PATHS = NO;
				CLANG_ANALYZER_NONNULL = YES;
				CLANG_ANALYZER_NUMBER_OBJECT_CONVERSION = YES_AGGRESSIVE;
				CLANG_CXX_LANGUAGE_STANDARD = "gnu++14";
				CLANG_CXX_LIBRARY = "libc++";
				CLANG_ENABLE_MODULES = YES;
				CLANG_ENABLE_OBJC_ARC = YES;
				CLANG_ENABLE_OBJC_WEAK = YES;
				CLANG_WARN_BLOCK_CAPTURE_AUTORELEASING = YES;
				CLANG_WARN_BOOL_CONVERSION = YES;
				CLANG_WARN_COMMA = YES;
				CLANG_WARN_CONSTANT_CONVERSION = YES;
				CLANG_WARN_DEPRECATED_OBJC_IMPLEMENTATIONS = YES;
				CLANG_WARN_DIRECT_OBJC_ISA_USAGE = YES_ERROR;
				CLANG_WARN_DOCUMENTATION_COMMENTS = YES;
				CLANG_WARN_EMPTY_BODY = YES;
				CLANG_WARN_ENUM_CONVERSION = YES;
				CLANG_WARN_INFINITE_RECURSION = YES;
				CLANG_WARN_INT_CONVERSION = YES;
				CLANG_WARN_NON_LITERAL_NULL_CONVERSION = YES;
				CLANG_WARN_OBJC_IMPLICIT_RETAIN_SELF = YES;
				CLANG_WARN_OBJC_LITERAL_CONVERSION = YES;
				CLANG_WARN_OBJC_ROOT_CLASS = YES_ERROR;
				CLANG_WARN_RANGE_LOOP_ANALYSIS = YES;
				CLANG_WARN_STRICT_PROTOTYPES = YES;
				CLANG_WARN_SUSPICIOUS_MOVE = YES;
				CLANG_WARN_UNGUARDED_AVAILABILITY = YES_AGGRESSIVE;
				CLANG_WARN_UNREACHABLE_CODE = YES;
				CLANG_WARN__DUPLICATE_METHOD_MATCH = YES;
				CODE_SIGN_IDENTITY = "iPhone Developer";
				COPY_PHASE_STRIP = NO;
				DEBUG_INFORMATION_FORMAT = "dwarf-with-dsym";
				ENABLE_NS_ASSERTIONS = NO;
				ENABLE_STRICT_OBJC_MSGSEND = YES;
				GCC_C_LANGUAGE_STANDARD = gnu11;
				GCC_NO_COMMON_BLOCKS = YES;
				GCC_WARN_64_TO_32_BIT_CONVERSION = YES;
				GCC_WARN_ABOUT_RETURN_TYPE = YES_ERROR;
				GCC_WARN_UNDECLARED_SELECTOR = YES;
				GCC_WARN_UNINITIALIZED_AUTOS = YES_AGGRESSIVE;
				GCC_WARN_UNUSED_FUNCTION = YES;
				GCC_WARN_UNUSED_VARIABLE = YES;
				IPHONEOS_DEPLOYMENT_TARGET = 11.4;
				MTL_ENABLE_DEBUG_INFO = NO;
				SDKROOT = iphoneos;
				SWIFT_COMPILATION_MODE = wholemodule;
				SWIFT_OPTIMIZATION_LEVEL = "-O";
				VALIDATE_PRODUCT = YES;
			};
			name = Release;
		};
		1BAA5CC92150163A00EB1348 /* Debug */ = {
			isa = XCBuildConfiguration;
			buildSettings = {
				ASSETCATALOG_COMPILER_APPICON_NAME = AppIcon;
				CODE_SIGN_STYLE = Automatic;
				DEVELOPMENT_TEAM = UMQAGMF379;
				INFOPLIST_FILE = MyCompanies/Info.plist;
				LD_RUNPATH_SEARCH_PATHS = (
					"$(inherited)",
					"@executable_path/Frameworks",
				);
				PRODUCT_BUNDLE_IDENTIFIER = com.twisted.MyCompanies;
				PRODUCT_NAME = "$(TARGET_NAME)";
				SWIFT_VERSION = 4.2;
				TARGETED_DEVICE_FAMILY = "1,2";
			};
			name = Debug;
		};
		1BAA5CCA2150163A00EB1348 /* Release */ = {
			isa = XCBuildConfiguration;
			buildSettings = {
				ASSETCATALOG_COMPILER_APPICON_NAME = AppIcon;
				CODE_SIGN_STYLE = Automatic;
				DEVELOPMENT_TEAM = UMQAGMF379;
				INFOPLIST_FILE = MyCompanies/Info.plist;
				LD_RUNPATH_SEARCH_PATHS = (
					"$(inherited)",
					"@executable_path/Frameworks",
				);
				PRODUCT_BUNDLE_IDENTIFIER = com.twisted.MyCompanies;
				PRODUCT_NAME = "$(TARGET_NAME)";
				SWIFT_VERSION = 4.2;
				TARGETED_DEVICE_FAMILY = "1,2";
			};
			name = Release;
		};
/* End XCBuildConfiguration section */

/* Begin XCConfigurationList section */
		1BAA5CB12150163500EB1348 /* Build configuration list for PBXProject "MyCompanies" */ = {
			isa = XCConfigurationList;
			buildConfigurations = (
				1BAA5CC62150163A00EB1348 /* Debug */,
				1BAA5CC72150163A00EB1348 /* Release */,
			);
			defaultConfigurationIsVisible = 0;
			defaultConfigurationName = Release;
		};
		1BAA5CC82150163A00EB1348 /* Build configuration list for PBXNativeTarget "MyCompanies" */ = {
			isa = XCConfigurationList;
			buildConfigurations = (
				1BAA5CC92150163A00EB1348 /* Debug */,
				1BAA5CCA2150163A00EB1348 /* Release */,
			);
			defaultConfigurationIsVisible = 0;
			defaultConfigurationName = Release;
		};
/* End XCConfigurationList section */
	};
	rootObject = 1BAA5CAE2150163500EB1348 /* Project object */;
}
